// !$*UTF8*$!
{
	archiveVersion = 1;
	classes = {
	};
	objectVersion = 46;
	objects = {

/* Begin PBXBuildFile section */
		F9A1491C1C41887E00ED6217 /* AppDelegate.swift in Sources */ = {isa = PBXBuildFile; fileRef = F9A1491B1C41887E00ED6217 /* AppDelegate.swift */; };
		F9A1491E1C41887E00ED6217 /* ViewController.swift in Sources */ = {isa = PBXBuildFile; fileRef = F9A1491D1C41887E00ED6217 /* ViewController.swift */; };
		F9A149211C41887E00ED6217 /* Main.storyboard in Resources */ = {isa = PBXBuildFile; fileRef = F9A1491F1C41887E00ED6217 /* Main.storyboard */; };
		F9A149231C41887E00ED6217 /* Assets.xcassets in Resources */ = {isa = PBXBuildFile; fileRef = F9A149221C41887E00ED6217 /* Assets.xcassets */; };
		F9A149261C41887E00ED6217 /* LaunchScreen.storyboard in Resources */ = {isa = PBXBuildFile; fileRef = F9A149241C41887E00ED6217 /* LaunchScreen.storyboard */; };
		F9A149311C41887E00ED6217 /* TapWarTests.swift in Sources */ = {isa = PBXBuildFile; fileRef = F9A149301C41887E00ED6217 /* TapWarTests.swift */; };
		F9A1493C1C41887E00ED6217 /* TapWarUITests.swift in Sources */ = {isa = PBXBuildFile; fileRef = F9A1493B1C41887E00ED6217 /* TapWarUITests.swift */; };
/* End PBXBuildFile section */

/* Begin PBXContainerItemProxy section */
		F9A1492D1C41887E00ED6217 /* PBXContainerItemProxy */ = {
			isa = PBXContainerItemProxy;
			containerPortal = F9A149101C41887D00ED6217 /* Project object */;
			proxyType = 1;
			remoteGlobalIDString = F9A149171C41887D00ED6217;
			remoteInfo = TapWar;
		};
		F9A149381C41887E00ED6217 /* PBXContainerItemProxy */ = {
			isa = PBXContainerItemProxy;
			containerPortal = F9A149101C41887D00ED6217 /* Project object */;
			proxyType = 1;
			remoteGlobalIDString = F9A149171C41887D00ED6217;
			remoteInfo = TapWar;
		};
/* End PBXContainerItemProxy section */

/* Begin PBXFileReference section */
		F9A149181C41887D00ED6217 /* TapWar.app */ = {isa = PBXFileReference; explicitFileType = wrapper.application; includeInIndex = 0; path = TapWar.app; sourceTree = BUILT_PRODUCTS_DIR; };
		F9A1491B1C41887E00ED6217 /* AppDelegate.swift */ = {isa = PBXFileReference; lastKnownFileType = sourcecode.swift; path = AppDelegate.swift; sourceTree = "<group>"; };
		F9A1491D1C41887E00ED6217 /* ViewController.swift */ = {isa = PBXFileReference; lastKnownFileType = sourcecode.swift; path = ViewController.swift; sourceTree = "<group>"; };
		F9A149201C41887E00ED6217 /* Base */ = {isa = PBXFileReference; lastKnownFileType = file.storyboard; name = Base; path = Base.lproj/Main.storyboard; sourceTree = "<group>"; };
		F9A149221C41887E00ED6217 /* Assets.xcassets */ = {isa = PBXFileReference; lastKnownFileType = folder.assetcatalog; path = Assets.xcassets; sourceTree = "<group>"; };
		F9A149251C41887E00ED6217 /* Base */ = {isa = PBXFileReference; lastKnownFileType = file.storyboard; name = Base; path = Base.lproj/LaunchScreen.storyboard; sourceTree = "<group>"; };
		F9A149271C41887E00ED6217 /* Info.plist */ = {isa = PBXFileReference; lastKnownFileType = text.plist.xml; path = Info.plist; sourceTree = "<group>"; };
		F9A1492C1C41887E00ED6217 /* TapWarTests.xctest */ = {isa = PBXFileReference; explicitFileType = wrapper.cfbundle; includeInIndex = 0; path = TapWarTests.xctest; sourceTree = BUILT_PRODUCTS_DIR; };
		F9A149301C41887E00ED6217 /* TapWarTests.swift */ = {isa = PBXFileReference; lastKnownFileType = sourcecode.swift; path = TapWarTests.swift; sourceTree = "<group>"; };
		F9A149321C41887E00ED6217 /* Info.plist */ = {isa = PBXFileReference; lastKnownFileType = text.plist.xml; path = Info.plist; sourceTree = "<group>"; };
		F9A149371C41887E00ED6217 /* TapWarUITests.xctest */ = {isa = PBXFileReference; explicitFileType = wrapper.cfbundle; includeInIndex = 0; path = TapWarUITests.xctest; sourceTree = BUILT_PRODUCTS_DIR; };
		F9A1493B1C41887E00ED6217 /* TapWarUITests.swift */ = {isa = PBXFileReference; lastKnownFileType = sourcecode.swift; path = TapWarUITests.swift; sourceTree = "<group>"; };
		F9A1493D1C41887E00ED6217 /* Info.plist */ = {isa = PBXFileReference; lastKnownFileType = text.plist.xml; path = Info.plist; sourceTree = "<group>"; };
/* End PBXFileReference section */

/* Begin PBXFrameworksBuildPhase section */
		F9A149151C41887D00ED6217 /* Frameworks */ = {
			isa = PBXFrameworksBuildPhase;
			buildActionMask = 2147483647;
			files = (
			);
			runOnlyForDeploymentPostprocessing = 0;
		};
		F9A149291C41887E00ED6217 /* Frameworks */ = {
			isa = PBXFrameworksBuildPhase;
			buildActionMask = 2147483647;
			files = (
			);
			runOnlyForDeploymentPostprocessing = 0;
		};
		F9A149341C41887E00ED6217 /* Frameworks */ = {
			isa = PBXFrameworksBuildPhase;
			buildActionMask = 2147483647;
			files = (
			);
			runOnlyForDeploymentPostprocessing = 0;
		};
/* End PBXFrameworksBuildPhase section */

/* Begin PBXGroup section */
		F9A1490F1C41887D00ED6217 = {
			isa = PBXGroup;
			children = (
				F9A1491A1C41887E00ED6217 /* TapWar */,
				F9A1492F1C41887E00ED6217 /* TapWarTests */,
				F9A1493A1C41887E00ED6217 /* TapWarUITests */,
				F9A149191C41887D00ED6217 /* Products */,
			);
			sourceTree = "<group>";
		};
		F9A149191C41887D00ED6217 /* Products */ = {
			isa = PBXGroup;
			children = (
				F9A149181C41887D00ED6217 /* TapWar.app */,
				F9A1492C1C41887E00ED6217 /* TapWarTests.xctest */,
				F9A149371C41887E00ED6217 /* TapWarUITests.xctest */,
			);
			name = Products;
			sourceTree = "<group>";
		};
		F9A1491A1C41887E00ED6217 /* TapWar */ = {
			isa = PBXGroup;
			children = (
				F9A1491B1C41887E00ED6217 /* AppDelegate.swift */,
				F9A1491D1C41887E00ED6217 /* ViewController.swift */,
				F9A1491F1C41887E00ED6217 /* Main.storyboard */,
				F9A149221C41887E00ED6217 /* Assets.xcassets */,
				F9A149241C41887E00ED6217 /* LaunchScreen.storyboard */,
				F9A149271C41887E00ED6217 /* Info.plist */,
			);
			path = TapWar;
			sourceTree = "<group>";
		};
		F9A1492F1C41887E00ED6217 /* TapWarTests */ = {
			isa = PBXGroup;
			children = (
				F9A149301C41887E00ED6217 /* TapWarTests.swift */,
				F9A149321C41887E00ED6217 /* Info.plist */,
			);
			path = TapWarTests;
			sourceTree = "<group>";
		};
		F9A1493A1C41887E00ED6217 /* TapWarUITests */ = {
			isa = PBXGroup;
			children = (
				F9A1493B1C41887E00ED6217 /* TapWarUITests.swift */,
				F9A1493D1C41887E00ED6217 /* Info.plist */,
			);
			path = TapWarUITests;
			sourceTree = "<group>";
		};
/* End PBXGroup section */

/* Begin PBXNativeTarget section */
		F9A149171C41887D00ED6217 /* TapWar */ = {
			isa = PBXNativeTarget;
			buildConfigurationList = F9A149401C41887E00ED6217 /* Build configuration list for PBXNativeTarget "TapWar" */;
			buildPhases = (
				F9A149141C41887D00ED6217 /* Sources */,
				F9A149151C41887D00ED6217 /* Frameworks */,
				F9A149161C41887D00ED6217 /* Resources */,
			);
			buildRules = (
			);
			dependencies = (
			);
			name = TapWar;
			productName = TapWar;
			productReference = F9A149181C41887D00ED6217 /* TapWar.app */;
			productType = "com.apple.product-type.application";
		};
		F9A1492B1C41887E00ED6217 /* TapWarTests */ = {
			isa = PBXNativeTarget;
			buildConfigurationList = F9A149431C41887E00ED6217 /* Build configuration list for PBXNativeTarget "TapWarTests" */;
			buildPhases = (
				F9A149281C41887E00ED6217 /* Sources */,
				F9A149291C41887E00ED6217 /* Frameworks */,
				F9A1492A1C41887E00ED6217 /* Resources */,
			);
			buildRules = (
			);
			dependencies = (
				F9A1492E1C41887E00ED6217 /* PBXTargetDependency */,
			);
			name = TapWarTests;
			productName = TapWarTests;
			productReference = F9A1492C1C41887E00ED6217 /* TapWarTests.xctest */;
			productType = "com.apple.product-type.bundle.unit-test";
		};
		F9A149361C41887E00ED6217 /* TapWarUITests */ = {
			isa = PBXNativeTarget;
			buildConfigurationList = F9A149461C41887E00ED6217 /* Build configuration list for PBXNativeTarget "TapWarUITests" */;
			buildPhases = (
				F9A149331C41887E00ED6217 /* Sources */,
				F9A149341C41887E00ED6217 /* Frameworks */,
				F9A149351C41887E00ED6217 /* Resources */,
			);
			buildRules = (
			);
			dependencies = (
				F9A149391C41887E00ED6217 /* PBXTargetDependency */,
			);
			name = TapWarUITests;
			productName = TapWarUITests;
			productReference = F9A149371C41887E00ED6217 /* TapWarUITests.xctest */;
			productType = "com.apple.product-type.bundle.ui-testing";
		};
/* End PBXNativeTarget section */

/* Begin PBXProject section */
		F9A149101C41887D00ED6217 /* Project object */ = {
			isa = PBXProject;
			attributes = {
				LastSwiftUpdateCheck = 0720;
				LastUpgradeCheck = 0720;
				ORGANIZATIONNAME = "Rohit Banda";
				TargetAttributes = {
					F9A149171C41887D00ED6217 = {
						CreatedOnToolsVersion = 7.2;
						DevelopmentTeam = 3TTB7BX2E6;
					};
					F9A1492B1C41887E00ED6217 = {
						CreatedOnToolsVersion = 7.2;
						TestTargetID = F9A149171C41887D00ED6217;
					};
					F9A149361C41887E00ED6217 = {
						CreatedOnToolsVersion = 7.2;
						TestTargetID = F9A149171C41887D00ED6217;
					};
				};
			};
			buildConfigurationList = F9A149131C41887D00ED6217 /* Build configuration list for PBXProject "TapWar" */;
			compatibilityVersion = "Xcode 3.2";
			developmentRegion = English;
			hasScannedForEncodings = 0;
			knownRegions = (
				en,
				Base,
			);
			mainGroup = F9A1490F1C41887D00ED6217;
			productRefGroup = F9A149191C41887D00ED6217 /* Products */;
			projectDirPath = "";
			projectRoot = "";
			targets = (
				F9A149171C41887D00ED6217 /* TapWar */,
				F9A1492B1C41887E00ED6217 /* TapWarTests */,
				F9A149361C41887E00ED6217 /* TapWarUITests */,
			);
		};
/* End PBXProject section */

/* Begin PBXResourcesBuildPhase section */
		F9A149161C41887D00ED6217 /* Resources */ = {
			isa = PBXResourcesBuildPhase;
			buildActionMask = 2147483647;
			files = (
				F9A149261C41887E00ED6217 /* LaunchScreen.storyboard in Resources */,
				F9A149231C41887E00ED6217 /* Assets.xcassets in Resources */,
				F9A149211C41887E00ED6217 /* Main.storyboard in Resources */,
			);
			runOnlyForDeploymentPostprocessing = 0;
		};
		F9A1492A1C41887E00ED6217 /* Resources */ = {
			isa = PBXResourcesBuildPhase;
			buildActionMask = 2147483647;
			files = (
			);
			runOnlyForDeploymentPostprocessing = 0;
		};
		F9A149351C41887E00ED6217 /* Resources */ = {
			isa = PBXResourcesBuildPhase;
			buildActionMask = 2147483647;
			files = (
			);
			runOnlyForDeploymentPostprocessing = 0;
		};
/* End PBXResourcesBuildPhase section */

/* Begin PBXSourcesBuildPhase section */
		F9A149141C41887D00ED6217 /* Sources */ = {
			isa = PBXSourcesBuildPhase;
			buildActionMask = 2147483647;
			files = (
				F9A1491E1C41887E00ED6217 /* ViewController.swift in Sources */,
				F9A1491C1C41887E00ED6217 /* AppDelegate.swift in Sources */,
			);
			runOnlyForDeploymentPostprocessing = 0;
		};
		F9A149281C41887E00ED6217 /* Sources */ = {
			isa = PBXSourcesBuildPhase;
			buildActionMask = 2147483647;
			files = (
				F9A149311C41887E00ED6217 /* TapWarTests.swift in Sources */,
			);
			runOnlyForDeploymentPostprocessing = 0;
		};
		F9A149331C41887E00ED6217 /* Sources */ = {
			isa = PBXSourcesBuildPhase;
			buildActionMask = 2147483647;
			files = (
				F9A1493C1C41887E00ED6217 /* TapWarUITests.swift in Sources */,
			);
			runOnlyForDeploymentPostprocessing = 0;
		};
/* End PBXSourcesBuildPhase section */

/* Begin PBXTargetDependency section */
		F9A1492E1C41887E00ED6217 /* PBXTargetDependency */ = {
			isa = PBXTargetDependency;
			target = F9A149171C41887D00ED6217 /* TapWar */;
			targetProxy = F9A1492D1C41887E00ED6217 /* PBXContainerItemProxy */;
		};
		F9A149391C41887E00ED6217 /* PBXTargetDependency */ = {
			isa = PBXTargetDependency;
			target = F9A149171C41887D00ED6217 /* TapWar */;
			targetProxy = F9A149381C41887E00ED6217 /* PBXContainerItemProxy */;
		};
/* End PBXTargetDependency section */

/* Begin PBXVariantGroup section */
		F9A1491F1C41887E00ED6217 /* Main.storyboard */ = {
			isa = PBXVariantGroup;
			children = (
				F9A149201C41887E00ED6217 /* Base */,
			);
			name = Main.storyboard;
			sourceTree = "<group>";
		};
		F9A149241C41887E00ED6217 /* LaunchScreen.storyboard */ = {
			isa = PBXVariantGroup;
			children = (
				F9A149251C41887E00ED6217 /* Base */,
			);
			name = LaunchScreen.storyboard;
			sourceTree = "<group>";
		};
/* End PBXVariantGroup section */

/* Begin XCBuildConfiguration section */
		F9A1493E1C41887E00ED6217 /* Debug */ = {
			isa = XCBuildConfiguration;
			buildSettings = {
				ALWAYS_SEARCH_USER_PATHS = NO;
				CLANG_CXX_LANGUAGE_STANDARD = "gnu++0x";
				CLANG_CXX_LIBRARY = "libc++";
				CLANG_ENABLE_MODULES = YES;
				CLANG_ENABLE_OBJC_ARC = YES;
				CLANG_WARN_BOOL_CONVERSION = YES;
				CLANG_WARN_CONSTANT_CONVERSION = YES;
				CLANG_WARN_DIRECT_OBJC_ISA_USAGE = YES_ERROR;
				CLANG_WARN_EMPTY_BODY = YES;
				CLANG_WARN_ENUM_CONVERSION = YES;
				CLANG_WARN_INT_CONVERSION = YES;
				CLANG_WARN_OBJC_ROOT_CLASS = YES_ERROR;
				CLANG_WARN_UNREACHABLE_CODE = YES;
				CLANG_WARN__DUPLICATE_METHOD_MATCH = YES;
				"CODE_SIGN_IDENTITY[sdk=iphoneos*]" = "iPhone Developer";
				COPY_PHASE_STRIP = NO;
				DEBUG_INFORMATION_FORMAT = dwarf;
				ENABLE_STRICT_OBJC_MSGSEND = YES;
				ENABLE_TESTABILITY = YES;
				GCC_C_LANGUAGE_STANDARD = gnu99;
				GCC_DYNAMIC_NO_PIC = NO;
				GCC_NO_COMMON_BLOCKS = YES;
				GCC_OPTIMIZATION_LEVEL = 0;
				GCC_PREPROCESSOR_DEFINITIONS = (
					"DEBUG=1",
					"$(inherited)",
				);
				GCC_WARN_64_TO_32_BIT_CONVERSION = YES;
				GCC_WARN_ABOUT_RETURN_TYPE = YES_ERROR;
				GCC_WARN_UNDECLARED_SELECTOR = YES;
				GCC_WARN_UNINITIALIZED_AUTOS = YES_AGGRESSIVE;
				GCC_WARN_UNUSED_FUNCTION = YES;
				GCC_WARN_UNUSED_VARIABLE = YES;
				IPHONEOS_DEPLOYMENT_TARGET = 9.2;
				MTL_ENABLE_DEBUG_INFO = YES;
				ONLY_ACTIVE_ARCH = YES;
				SDKROOT = iphoneos;
				SWIFT_OPTIMIZATION_LEVEL = "-Onone";
				TARGETED_DEVICE_FAMILY = "1,2";
			};
			name = Debug;
		};
		F9A1493F1C41887E00ED6217 /* Release */ = {
			isa = XCBuildConfiguration;
			buildSettings = {
				ALWAYS_SEARCH_USER_PATHS = NO;
				CLANG_CXX_LANGUAGE_STANDARD = "gnu++0x";
				CLANG_CXX_LIBRARY = "libc++";
				CLANG_ENABLE_MODULES = YES;
				CLANG_ENABLE_OBJC_ARC = YES;
				CLANG_WARN_BOOL_CONVERSION = YES;
				CLANG_WARN_CONSTANT_CONVERSION = YES;
				CLANG_WARN_DIRECT_OBJC_ISA_USAGE = YES_ERROR;
				CLANG_WARN_EMPTY_BODY = YES;
				CLANG_WARN_ENUM_CONVERSION = YES;
				CLANG_WARN_INT_CONVERSION = YES;
				CLANG_WARN_OBJC_ROOT_CLASS = YES_ERROR;
				CLANG_WARN_UNREACHABLE_CODE = YES;
				CLANG_WARN__DUPLICATE_METHOD_MATCH = YES;
				"CODE_SIGN_IDENTITY[sdk=iphoneos*]" = "iPhone Developer";
				COPY_PHASE_STRIP = NO;
				DEBUG_INFORMATION_FORMAT = "dwarf-with-dsym";
				ENABLE_NS_ASSERTIONS = NO;
				ENABLE_STRICT_OBJC_MSGSEND = YES;
				GCC_C_LANGUAGE_STANDARD = gnu99;
				GCC_NO_COMMON_BLOCKS = YES;
				GCC_WARN_64_TO_32_BIT_CONVERSION = YES;
				GCC_WARN_ABOUT_RETURN_TYPE = YES_ERROR;
				GCC_WARN_UNDECLARED_SELECTOR = YES;
				GCC_WARN_UNINITIALIZED_AUTOS = YES_AGGRESSIVE;
				GCC_WARN_UNUSED_FUNCTION = YES;
				GCC_WARN_UNUSED_VARIABLE = YES;
				IPHONEOS_DEPLOYMENT_TARGET = 9.2;
				MTL_ENABLE_DEBUG_INFO = NO;
				SDKROOT = iphoneos;
				TARGETED_DEVICE_FAMILY = "1,2";
				VALIDATE_PRODUCT = YES;
			};
			name = Release;
		};
		F9A149411C41887E00ED6217 /* Debug */ = {
			isa = XCBuildConfiguration;
			buildSettings = {
				ASSETCATALOG_COMPILER_APPICON_NAME = AppIcon;
				CODE_SIGN_IDENTITY = "iPhone Developer";
				"CODE_SIGN_IDENTITY[sdk=iphoneos*]" = "iPhone Developer";
				INFOPLIST_FILE = TapWar/Info.plist;
				LD_RUNPATH_SEARCH_PATHS = "$(inherited) @executable_path/Frameworks";
				PRODUCT_BUNDLE_IDENTIFIER = com.RohitBanda.TapWar;
				PRODUCT_NAME = "$(TARGET_NAME)";
				PROVISIONING_PROFILE = "";
			};
			name = Debug;
		};
		F9A149421C41887E00ED6217 /* Release */ = {
			isa = XCBuildConfiguration;
			buildSettings = {
				ASSETCATALOG_COMPILER_APPICON_NAME = AppIcon;
				CODE_SIGN_IDENTITY = "iPhone Developer";
				"CODE_SIGN_IDENTITY[sdk=iphoneos*]" = "iPhone Developer";
				INFOPLIST_FILE = TapWar/Info.plist;
				LD_RUNPATH_SEARCH_PATHS = "$(inherited) @executable_path/Frameworks";
				PRODUCT_BUNDLE_IDENTIFIER = com.RohitBanda.TapWar;
				PRODUCT_NAME = "$(TARGET_NAME)";
				PROVISIONING_PROFILE = "";
			};
			name = Release;
		};
		F9A149441C41887E00ED6217 /* Debug */ = {
			isa = XCBuildConfiguration;
			buildSettings = {
				BUNDLE_LOADER = "$(TEST_HOST)";
				INFOPLIST_FILE = TapWarTests/Info.plist;
				LD_RUNPATH_SEARCH_PATHS = "$(inherited) @executable_path/Frameworks @loader_path/Frameworks";
				PRODUCT_BUNDLE_IDENTIFIER = com.RohitBanda.TapWarTests;
				PRODUCT_NAME = "$(TARGET_NAME)";
				TEST_HOST = "$(BUILT_PRODUCTS_DIR)/TapWar.app/TapWar";
			};
			name = Debug;
		};
		F9A149451C41887E00ED6217 /* Release */ = {
			isa = XCBuildConfiguration;
			buildSettings = {
				BUNDLE_LOADER = "$(TEST_HOST)";
				INFOPLIST_FILE = TapWarTests/Info.plist;
				LD_RUNPATH_SEARCH_PATHS = "$(inherited) @executable_path/Frameworks @loader_path/Frameworks";
				PRODUCT_BUNDLE_IDENTIFIER = com.RohitBanda.TapWarTests;
				PRODUCT_NAME = "$(TARGET_NAME)";
				TEST_HOST = "$(BUILT_PRODUCTS_DIR)/TapWar.app/TapWar";
			};
			name = Release;
		};
		F9A149471C41887E00ED6217 /* Debug */ = {
			isa = XCBuildConfiguration;
			buildSettings = {
				INFOPLIST_FILE = TapWarUITests/Info.plist;
				LD_RUNPATH_SEARCH_PATHS = "$(inherited) @executable_path/Frameworks @loader_path/Frameworks";
				PRODUCT_BUNDLE_IDENTIFIER = com.RohitBanda.TapWarUITests;
				PRODUCT_NAME = "$(TARGET_NAME)";
				TEST_TARGET_NAME = TapWar;
				USES_XCTRUNNER = YES;
			};
			name = Debug;
		};
		F9A149481C41887E00ED6217 /* Release */ = {
			isa = XCBuildConfiguration;
			buildSettings = {
				INFOPLIST_FILE = TapWarUITests/Info.plist;
				LD_RUNPATH_SEARCH_PATHS = "$(inherited) @executable_path/Frameworks @loader_path/Frameworks";
				PRODUCT_BUNDLE_IDENTIFIER = com.RohitBanda.TapWarUITests;
				PRODUCT_NAME = "$(TARGET_NAME)";
				TEST_TARGET_NAME = TapWar;
				USES_XCTRUNNER = YES;
			};
			name = Release;
		};
/* End XCBuildConfiguration section */

/* Begin XCConfigurationList section */
		F9A149131C41887D00ED6217 /* Build configuration list for PBXProject "TapWar" */ = {
			isa = XCConfigurationList;
			buildConfigurations = (
				F9A1493E1C41887E00ED6217 /* Debug */,
				F9A1493F1C41887E00ED6217 /* Release */,
			);
			defaultConfigurationIsVisible = 0;
			defaultConfigurationName = Release;
		};
		F9A149401C41887E00ED6217 /* Build configuration list for PBXNativeTarget "TapWar" */ = {
			isa = XCConfigurationList;
			buildConfigurations = (
				F9A149411C41887E00ED6217 /* Debug */,
				F9A149421C41887E00ED6217 /* Release */,
			);
			defaultConfigurationIsVisible = 0;
			defaultConfigurationName = Release;
		};
		F9A149431C41887E00ED6217 /* Build configuration list for PBXNativeTarget "TapWarTests" */ = {
			isa = XCConfigurationList;
			buildConfigurations = (
				F9A149441C41887E00ED6217 /* Debug */,
				F9A149451C41887E00ED6217 /* Release */,
			);
			defaultConfigurationIsVisible = 0;
			defaultConfigurationName = Release;
		};
		F9A149461C41887E00ED6217 /* Build configuration list for PBXNativeTarget "TapWarUITests" */ = {
			isa = XCConfigurationList;
			buildConfigurations = (
				F9A149471C41887E00ED6217 /* Debug */,
				F9A149481C41887E00ED6217 /* Release */,
			);
			defaultConfigurationIsVisible = 0;
			defaultConfigurationName = Release;
		};
/* End XCConfigurationList section */
	};
	rootObject = F9A149101C41887D00ED6217 /* Project object */;
}
